
Microsoft Visual Studio Solution File, Format Version 12.00
# Visual Studio 15
VisualStudioVersion = 15.0.27703.2026
MinimumVisualStudioVersion = 10.0.40219.1
Project("{FAE04EC0-301F-11D3-BF4B-00C04F79EFBC}") = "SDRSharp.HeatMapView", "SDRSharp.HeatMapView\SDRSharp.HeatMapView.csproj", "{AA1B26E9-ABBA-423C-9036-4D3708B4DBE8}"
EndProject
Global
	GlobalSection(SolutionConfigurationPlatforms) = preSolution
		Debug|Any CPU = Debug|Any CPU
		Release|Any CPU = Release|Any CPU
	EndGlobalSection
	GlobalSection(ProjectConfigurationPlatforms) = postSolution
		{AA1B26E9-ABBA-423C-9036-4D3708B4DBE8}.Debug|Any CPU.ActiveCfg = Debug|Any CPU
		{AA1B26E9-ABBA-423C-9036-4D3708B4DBE8}.Debug|Any CPU.Build.0 = Debug|Any CPU
		{AA1B26E9-ABBA-423C-9036-4D3708B4DBE8}.Release|Any CPU.ActiveCfg = Release|Any CPU
		{AA1B26E9-ABBA-423C-9036-4D3708B4DBE8}.Release|Any CPU.Build.0 = Release|Any CPU
	EndGlobalSection
	GlobalSection(SolutionProperties) = preSolution
		HideSolutionNode = FALSE
	EndGlobalSection
	GlobalSection(ExtensibilityGlobals) = postSolution
		SolutionGuid = {FC831003-E68F-4495-A9D1-E359A06B3871}
	EndGlobalSection
EndGlobal
